// !$*UTF8*$!
{
	archiveVersion = 1;
	classes = {
	};
	objectVersion = 50;
	objects = {

/* Begin PBXBuildFile section */
		F797CA2E21EE641500511A9C /* AppDelegate.swift in Sources */ = {isa = PBXBuildFile; fileRef = F797CA2D21EE641500511A9C /* AppDelegate.swift */; };
		F797CA3321EE641500511A9C /* Main.storyboard in Resources */ = {isa = PBXBuildFile; fileRef = F797CA3121EE641500511A9C /* Main.storyboard */; };
		F797CA3521EE641600511A9C /* Assets.xcassets in Resources */ = {isa = PBXBuildFile; fileRef = F797CA3421EE641600511A9C /* Assets.xcassets */; };
		F797CA3821EE641600511A9C /* LaunchScreen.storyboard in Resources */ = {isa = PBXBuildFile; fileRef = F797CA3621EE641600511A9C /* LaunchScreen.storyboard */; };
		F797CA4521EE6AAC00511A9C /* Entry.swift in Sources */ = {isa = PBXBuildFile; fileRef = F797CA4421EE6AAC00511A9C /* Entry.swift */; };
		F797CA4721EE7FC900511A9C /* EntryController.swift in Sources */ = {isa = PBXBuildFile; fileRef = F797CA4621EE7FC900511A9C /* EntryController.swift */; };
/* End PBXBuildFile section */

/* Begin PBXFileReference section */
		F797CA2A21EE641500511A9C /* CloudKitJournal.app */ = {isa = PBXFileReference; explicitFileType = wrapper.application; includeInIndex = 0; path = CloudKitJournal.app; sourceTree = BUILT_PRODUCTS_DIR; };
		F797CA2D21EE641500511A9C /* AppDelegate.swift */ = {isa = PBXFileReference; lastKnownFileType = sourcecode.swift; path = AppDelegate.swift; sourceTree = "<group>"; };
		F797CA3221EE641500511A9C /* Base */ = {isa = PBXFileReference; lastKnownFileType = file.storyboard; name = Base; path = Base.lproj/Main.storyboard; sourceTree = "<group>"; };
		F797CA3421EE641600511A9C /* Assets.xcassets */ = {isa = PBXFileReference; lastKnownFileType = folder.assetcatalog; path = Assets.xcassets; sourceTree = "<group>"; };
		F797CA3721EE641600511A9C /* Base */ = {isa = PBXFileReference; lastKnownFileType = file.storyboard; name = Base; path = Base.lproj/LaunchScreen.storyboard; sourceTree = "<group>"; };
		F797CA3921EE641600511A9C /* Info.plist */ = {isa = PBXFileReference; lastKnownFileType = text.plist.xml; path = Info.plist; sourceTree = "<group>"; };
		F797CA4421EE6AAC00511A9C /* Entry.swift */ = {isa = PBXFileReference; lastKnownFileType = sourcecode.swift; path = Entry.swift; sourceTree = "<group>"; };
		F797CA4621EE7FC900511A9C /* EntryController.swift */ = {isa = PBXFileReference; lastKnownFileType = sourcecode.swift; path = EntryController.swift; sourceTree = "<group>"; };
/* End PBXFileReference section */

/* Begin PBXFrameworksBuildPhase section */
		F797CA2721EE641500511A9C /* Frameworks */ = {
			isa = PBXFrameworksBuildPhase;
			buildActionMask = 2147483647;
			files = (
			);
			runOnlyForDeploymentPostprocessing = 0;
		};
/* End PBXFrameworksBuildPhase section */

/* Begin PBXGroup section */
		F797CA2121EE641500511A9C = {
			isa = PBXGroup;
			children = (
				F797CA2C21EE641500511A9C /* CloudKitJournal */,
				F797CA2B21EE641500511A9C /* Products */,
			);
			sourceTree = "<group>";
		};
		F797CA2B21EE641500511A9C /* Products */ = {
			isa = PBXGroup;
			children = (
				F797CA2A21EE641500511A9C /* CloudKitJournal.app */,
			);
			name = Products;
			sourceTree = "<group>";
		};
		F797CA2C21EE641500511A9C /* CloudKitJournal */ = {
			isa = PBXGroup;
			children = (
				F797CA4321EE69D700511A9C /* View */,
				F797CA4221EE69D000511A9C /* ViewController */,
				F797CA4121EE69C800511A9C /* ModelController */,
				F797CA4021EE69BF00511A9C /* Model */,
				F797CA3F21EE69A500511A9C /* Resources */,
			);
			path = CloudKitJournal;
			sourceTree = "<group>";
		};
		F797CA3F21EE69A500511A9C /* Resources */ = {
			isa = PBXGroup;
			children = (
				F797CA2D21EE641500511A9C /* AppDelegate.swift */,
				F797CA3121EE641500511A9C /* Main.storyboard */,
				F797CA3421EE641600511A9C /* Assets.xcassets */,
				F797CA3621EE641600511A9C /* LaunchScreen.storyboard */,
				F797CA3921EE641600511A9C /* Info.plist */,
			);
			path = Resources;
			sourceTree = "<group>";
		};
		F797CA4021EE69BF00511A9C /* Model */ = {
			isa = PBXGroup;
			children = (
				F797CA4421EE6AAC00511A9C /* Entry.swift */,
			);
			path = Model;
			sourceTree = "<group>";
		};
		F797CA4121EE69C800511A9C /* ModelController */ = {
			isa = PBXGroup;
			children = (
				F797CA4621EE7FC900511A9C /* EntryController.swift */,
			);
			path = ModelController;
			sourceTree = "<group>";
		};
		F797CA4221EE69D000511A9C /* ViewController */ = {
			isa = PBXGroup;
			children = (
			);
			path = ViewController;
			sourceTree = "<group>";
		};
		F797CA4321EE69D700511A9C /* View */ = {
			isa = PBXGroup;
			children = (
			);
			path = View;
			sourceTree = "<group>";
		};
/* End PBXGroup section */

/* Begin PBXNativeTarget section */
		F797CA2921EE641500511A9C /* CloudKitJournal */ = {
			isa = PBXNativeTarget;
			buildConfigurationList = F797CA3C21EE641600511A9C /* Build configuration list for PBXNativeTarget "CloudKitJournal" */;
			buildPhases = (
				F797CA2621EE641500511A9C /* Sources */,
				F797CA2721EE641500511A9C /* Frameworks */,
				F797CA2821EE641500511A9C /* Resources */,
			);
			buildRules = (
			);
			dependencies = (
			);
			name = CloudKitJournal;
			productName = CloudKitJournal;
			productReference = F797CA2A21EE641500511A9C /* CloudKitJournal.app */;
			productType = "com.apple.product-type.application";
		};
/* End PBXNativeTarget section */

/* Begin PBXProject section */
		F797CA2221EE641500511A9C /* Project object */ = {
			isa = PBXProject;
			attributes = {
				LastSwiftUpdateCheck = 1010;
				LastUpgradeCheck = 1010;
				ORGANIZATIONNAME = trevorAdcock;
				TargetAttributes = {
					F797CA2921EE641500511A9C = {
						CreatedOnToolsVersion = 10.1;
					};
				};
			};
			buildConfigurationList = F797CA2521EE641500511A9C /* Build configuration list for PBXProject "CloudKitJournal" */;
			compatibilityVersion = "Xcode 9.3";
			developmentRegion = en;
			hasScannedForEncodings = 0;
			knownRegions = (
				en,
				Base,
			);
			mainGroup = F797CA2121EE641500511A9C;
			productRefGroup = F797CA2B21EE641500511A9C /* Products */;
			projectDirPath = "";
			projectRoot = "";
			targets = (
				F797CA2921EE641500511A9C /* CloudKitJournal */,
			);
		};
/* End PBXProject section */

/* Begin PBXResourcesBuildPhase section */
		F797CA2821EE641500511A9C /* Resources */ = {
			isa = PBXResourcesBuildPhase;
			buildActionMask = 2147483647;
			files = (
				F797CA3821EE641600511A9C /* LaunchScreen.storyboard in Resources */,
				F797CA3521EE641600511A9C /* Assets.xcassets in Resources */,
				F797CA3321EE641500511A9C /* Main.storyboard in Resources */,
			);
			runOnlyForDeploymentPostprocessing = 0;
		};
/* End PBXResourcesBuildPhase section */

/* Begin PBXSourcesBuildPhase section */
		F797CA2621EE641500511A9C /* Sources */ = {
			isa = PBXSourcesBuildPhase;
			buildActionMask = 2147483647;
			files = (
				F797CA4721EE7FC900511A9C /* EntryController.swift in Sources */,
				F797CA4521EE6AAC00511A9C /* Entry.swift in Sources */,
				F797CA2E21EE641500511A9C /* AppDelegate.swift in Sources */,
			);
			runOnlyForDeploymentPostprocessing = 0;
		};
/* End PBXSourcesBuildPhase section */

/* Begin PBXVariantGroup section */
		F797CA3121EE641500511A9C /* Main.storyboard */ = {
			isa = PBXVariantGroup;
			children = (
				F797CA3221EE641500511A9C /* Base */,
			);
			name = Main.storyboard;
			sourceTree = "<group>";
		};
		F797CA3621EE641600511A9C /* LaunchScreen.storyboard */ = {
			isa = PBXVariantGroup;
			children = (
				F797CA3721EE641600511A9C /* Base */,
			);
			name = LaunchScreen.storyboard;
			sourceTree = "<group>";
		};
/* End PBXVariantGroup section */

/* Begin XCBuildConfiguration section */
		F797CA3A21EE641600511A9C /* Debug */ = {
			isa = XCBuildConfiguration;
			buildSettings = {
				ALWAYS_SEARCH_USER_PATHS = NO;
				CLANG_ANALYZER_NONNULL = YES;
				CLANG_ANALYZER_NUMBER_OBJECT_CONVERSION = YES_AGGRESSIVE;
				CLANG_CXX_LANGUAGE_STANDARD = "gnu++14";
				CLANG_CXX_LIBRARY = "libc++";
				CLANG_ENABLE_MODULES = YES;
				CLANG_ENABLE_OBJC_ARC = YES;
				CLANG_ENABLE_OBJC_WEAK = YES;
				CLANG_WARN_BLOCK_CAPTURE_AUTORELEASING = YES;
				CLANG_WARN_BOOL_CONVERSION = YES;
				CLANG_WARN_COMMA = YES;
				CLANG_WARN_CONSTANT_CONVERSION = YES;
				CLANG_WARN_DEPRECATED_OBJC_IMPLEMENTATIONS = YES;
				CLANG_WARN_DIRECT_OBJC_ISA_USAGE = YES_ERROR;
				CLANG_WARN_DOCUMENTATION_COMMENTS = YES;
				CLANG_WARN_EMPTY_BODY = YES;
				CLANG_WARN_ENUM_CONVERSION = YES;
				CLANG_WARN_INFINITE_RECURSION = YES;
				CLANG_WARN_INT_CONVERSION = YES;
				CLANG_WARN_NON_LITERAL_NULL_CONVERSION = YES;
				CLANG_WARN_OBJC_IMPLICIT_RETAIN_SELF = YES;
				CLANG_WARN_OBJC_LITERAL_CONVERSION = YES;
				CLANG_WARN_OBJC_ROOT_CLASS = YES_ERROR;
				CLANG_WARN_RANGE_LOOP_ANALYSIS = YES;
				CLANG_WARN_STRICT_PROTOTYPES = YES;
				CLANG_WARN_SUSPICIOUS_MOVE = YES;
				CLANG_WARN_UNGUARDED_AVAILABILITY = YES_AGGRESSIVE;
				CLANG_WARN_UNREACHABLE_CODE = YES;
				CLANG_WARN__DUPLICATE_METHOD_MATCH = YES;
				CODE_SIGN_IDENTITY = "iPhone Developer";
				COPY_PHASE_STRIP = NO;
				DEBUG_INFORMATION_FORMAT = dwarf;
				ENABLE_STRICT_OBJC_MSGSEND = YES;
				ENABLE_TESTABILITY = YES;
				GCC_C_LANGUAGE_STANDARD = gnu11;
				GCC_DYNAMIC_NO_PIC = NO;
				GCC_NO_COMMON_BLOCKS = YES;
				GCC_OPTIMIZATION_LEVEL = 0;
				GCC_PREPROCESSOR_DEFINITIONS = (
					"DEBUG=1",
					"$(inherited)",
				);
				GCC_WARN_64_TO_32_BIT_CONVERSION = YES;
				GCC_WARN_ABOUT_RETURN_TYPE = YES_ERROR;
				GCC_WARN_UNDECLARED_SELECTOR = YES;
				GCC_WARN_UNINITIALIZED_AUTOS = YES_AGGRESSIVE;
				GCC_WARN_UNUSED_FUNCTION = YES;
				GCC_WARN_UNUSED_VARIABLE = YES;
				IPHONEOS_DEPLOYMENT_TARGET = 12.1;
				MTL_ENABLE_DEBUG_INFO = INCLUDE_SOURCE;
				MTL_FAST_MATH = YES;
				ONLY_ACTIVE_ARCH = YES;
				SDKROOT = iphoneos;
				SWIFT_ACTIVE_COMPILATION_CONDITIONS = DEBUG;
				SWIFT_OPTIMIZATION_LEVEL = "-Onone";
			};
			name = Debug;
		};
		F797CA3B21EE641600511A9C /* Release */ = {
			isa = XCBuildConfiguration;
			buildSettings = {
				ALWAYS_SEARCH_USER_PATHS = NO;
				CLANG_ANALYZER_NONNULL = YES;
				CLANG_ANALYZER_NUMBER_OBJECT_CONVERSION = YES_AGGRESSIVE;
				CLANG_CXX_LANGUAGE_STANDARD = "gnu++14";
				CLANG_CXX_LIBRARY = "libc++";
				CLANG_ENABLE_MODULES = YES;
				CLANG_ENABLE_OBJC_ARC = YES;
				CLANG_ENABLE_OBJC_WEAK = YES;
				CLANG_WARN_BLOCK_CAPTURE_AUTORELEASING = YES;
				CLANG_WARN_BOOL_CONVERSION = YES;
				CLANG_WARN_COMMA = YES;
				CLANG_WARN_CONSTANT_CONVERSION = YES;
				CLANG_WARN_DEPRECATED_OBJC_IMPLEMENTATIONS = YES;
				CLANG_WARN_DIRECT_OBJC_ISA_USAGE = YES_ERROR;
				CLANG_WARN_DOCUMENTATION_COMMENTS = YES;
				CLANG_WARN_EMPTY_BODY = YES;
				CLANG_WARN_ENUM_CONVERSION = YES;
				CLANG_WARN_INFINITE_RECURSION = YES;
				CLANG_WARN_INT_CONVERSION = YES;
				CLANG_WARN_NON_LITERAL_NULL_CONVERSION = YES;
				CLANG_WARN_OBJC_IMPLICIT_RETAIN_SELF = YES;
				CLANG_WARN_OBJC_LITERAL_CONVERSION = YES;
				CLANG_WARN_OBJC_ROOT_CLASS = YES_ERROR;
				CLANG_WARN_RANGE_LOOP_ANALYSIS = YES;
				CLANG_WARN_STRICT_PROTOTYPES = YES;
				CLANG_WARN_SUSPICIOUS_MOVE = YES;
				CLANG_WARN_UNGUARDED_AVAILABILITY = YES_AGGRESSIVE;
				CLANG_WARN_UNREACHABLE_CODE = YES;
				CLANG_WARN__DUPLICATE_METHOD_MATCH = YES;
				CODE_SIGN_IDENTITY = "iPhone Developer";
				COPY_PHASE_STRIP = NO;
				DEBUG_INFORMATION_FORMAT = "dwarf-with-dsym";
				ENABLE_NS_ASSERTIONS = NO;
				ENABLE_STRICT_OBJC_MSGSEND = YES;
				GCC_C_LANGUAGE_STANDARD = gnu11;
				GCC_NO_COMMON_BLOCKS = YES;
				GCC_WARN_64_TO_32_BIT_CONVERSION = YES;
				GCC_WARN_ABOUT_RETURN_TYPE = YES_ERROR;
				GCC_WARN_UNDECLARED_SELECTOR = YES;
				GCC_WARN_UNINITIALIZED_AUTOS = YES_AGGRESSIVE;
				GCC_WARN_UNUSED_FUNCTION = YES;
				GCC_WARN_UNUSED_VARIABLE = YES;
				IPHONEOS_DEPLOYMENT_TARGET = 12.1;
				MTL_ENABLE_DEBUG_INFO = NO;
				MTL_FAST_MATH = YES;
				SDKROOT = iphoneos;
				SWIFT_COMPILATION_MODE = wholemodule;
				SWIFT_OPTIMIZATION_LEVEL = "-O";
				VALIDATE_PRODUCT = YES;
			};
			name = Release;
		};
		F797CA3D21EE641600511A9C /* Debug */ = {
			isa = XCBuildConfiguration;
			buildSettings = {
				ASSETCATALOG_COMPILER_APPICON_NAME = AppIcon;
				CODE_SIGN_STYLE = Automatic;
				DEVELOPMENT_TEAM = 77U2457882;
				INFOPLIST_FILE = CloudKitJournal/Info.plist;
				LD_RUNPATH_SEARCH_PATHS = (
					"$(inherited)",
					"@executable_path/Frameworks",
				);
				PRODUCT_BUNDLE_IDENTIFIER = com.trevoradcock.CloudKitJournal;
				PRODUCT_NAME = "$(TARGET_NAME)";
				SWIFT_VERSION = 4.2;
				TARGETED_DEVICE_FAMILY = "1,2";
			};
			name = Debug;
		};
		F797CA3E21EE641600511A9C /* Release */ = {
			isa = XCBuildConfiguration;
			buildSettings = {
				ASSETCATALOG_COMPILER_APPICON_NAME = AppIcon;
				CODE_SIGN_STYLE = Automatic;
				DEVELOPMENT_TEAM = 77U2457882;
				INFOPLIST_FILE = CloudKitJournal/Info.plist;
				LD_RUNPATH_SEARCH_PATHS = (
					"$(inherited)",
					"@executable_path/Frameworks",
				);
				PRODUCT_BUNDLE_IDENTIFIER = com.trevoradcock.CloudKitJournal;
				PRODUCT_NAME = "$(TARGET_NAME)";
				SWIFT_VERSION = 4.2;
				TARGETED_DEVICE_FAMILY = "1,2";
			};
			name = Release;
		};
/* End XCBuildConfiguration section */

/* Begin XCConfigurationList section */
		F797CA2521EE641500511A9C /* Build configuration list for PBXProject "CloudKitJournal" */ = {
			isa = XCConfigurationList;
			buildConfigurations = (
				F797CA3A21EE641600511A9C /* Debug */,
				F797CA3B21EE641600511A9C /* Release */,
			);
			defaultConfigurationIsVisible = 0;
			defaultConfigurationName = Release;
		};
		F797CA3C21EE641600511A9C /* Build configuration list for PBXNativeTarget "CloudKitJournal" */ = {
			isa = XCConfigurationList;
			buildConfigurations = (
				F797CA3D21EE641600511A9C /* Debug */,
				F797CA3E21EE641600511A9C /* Release */,
			);
			defaultConfigurationIsVisible = 0;
			defaultConfigurationName = Release;
		};
/* End XCConfigurationList section */
	};
	rootObject = F797CA2221EE641500511A9C /* Project object */;
}
